
Microsoft Visual Studio Solution File, Format Version 12.00
# Visual Studio Version 16
VisualStudioVersion = 16.0.31702.278
MinimumVisualStudioVersion = 10.0.40219.1
Project("{FAE04EC0-301F-11D3-BF4B-00C04F79EFBC}") = "Todorvchaev", "ConsoleApp1\Todorvchaev.csproj", "{EDB1F9C4-DAE6-46CB-B9CB-10F7AB8776BA}"
EndProject
Global
	GlobalSection(SolutionConfigurationPlatforms) = preSolution
		Debug|Any CPU = Debug|Any CPU
		Release|Any CPU = Release|Any CPU
	EndGlobalSection
	GlobalSection(ProjectConfigurationPlatforms) = postSolution
		{EDB1F9C4-DAE6-46CB-B9CB-10F7AB8776BA}.Debug|Any CPU.ActiveCfg = Debug|Any CPU
		{EDB1F9C4-DAE6-46CB-B9CB-10F7AB8776BA}.Debug|Any CPU.Build.0 = Debug|Any CPU
		{EDB1F9C4-DAE6-46CB-B9CB-10F7AB8776BA}.Release|Any CPU.ActiveCfg = Release|Any CPU
		{EDB1F9C4-DAE6-46CB-B9CB-10F7AB8776BA}.Release|Any CPU.Build.0 = Release|Any CPU
	EndGlobalSection
	GlobalSection(SolutionProperties) = preSolution
		HideSolutionNode = FALSE
	EndGlobalSection
	GlobalSection(ExtensibilityGlobals) = postSolution
		SolutionGuid = {C3E96368-0D64-4E60-A7C3-5B46B1964034}
	EndGlobalSection
EndGlobal
